
Microsoft Visual Studio Solution File, Format Version 12.00
# Visual Studio Version 17
VisualStudioVersion = 17.2.32616.157
MinimumVisualStudioVersion = 10.0.40219.1
Project("{FAE04EC0-301F-11D3-BF4B-00C04F79EFBC}") = "MiPrimeraApi2", "MiPrimeraApi2.csproj", "{BE35494E-E876-4BD1-8A2E-645CBCAEC962}"
EndProject
Global
	GlobalSection(SolutionConfigurationPlatforms) = preSolution
		Debug|Any CPU = Debug|Any CPU
		Release|Any CPU = Release|Any CPU
	EndGlobalSection
	GlobalSection(ProjectConfigurationPlatforms) = postSolution
		{BE35494E-E876-4BD1-8A2E-645CBCAEC962}.Debug|Any CPU.ActiveCfg = Debug|Any CPU
		{BE35494E-E876-4BD1-8A2E-645CBCAEC962}.Debug|Any CPU.Build.0 = Debug|Any CPU
		{BE35494E-E876-4BD1-8A2E-645CBCAEC962}.Release|Any CPU.ActiveCfg = Release|Any CPU
		{BE35494E-E876-4BD1-8A2E-645CBCAEC962}.Release|Any CPU.Build.0 = Release|Any CPU
	EndGlobalSection
	GlobalSection(SolutionProperties) = preSolution
		HideSolutionNode = FALSE
	EndGlobalSection
	GlobalSection(ExtensibilityGlobals) = postSolution
		SolutionGuid = {6B02D451-61FE-41B6-AB92-768D368CCB74}
	EndGlobalSection
EndGlobal
